<?xml version="1.0" encoding="utf-8"?>
<Project ToolsVersion="4.0" xmlns="http://schemas.microsoft.com/developer/msbuild/2003">
  <ItemGroup>
    <Filter Include="Source Files">
      <UniqueIdentifier>{4FC737F1-C7A5-4376-A066-2A32D752A2FF}</UniqueIdentifier>
      <Extensions>cpp;c;cc;cxx;def;odl;idl;hpj;bat;asm;asmx</Extensions>
    </Filter>
    <Filter Include="Header Files">
      <UniqueIdentifier>{93995380-89BD-4b04-88EB-625FBE52EBFB}</UniqueIdentifier>
      <Extensions>h;hh;hpp;hxx;hm;inl;inc;ipp;xsd</Extensions>
    </Filter>
    <Filter Include="Resource Files">
      <UniqueIdentifier>{67DA6AB6-F800-4c08-8B7A-83BB121AAD01}</UniqueIdentifier>
      <Extensions>rc;ico;cur;bmp;dlg;rc2;rct;bin;rgs;gif;jpg;jpeg;jpe;resx;tiff;tif;png;wav;mfcribbon-ms</Extensions>
    </Filter>
    <Filter Include="Header Files\JDKsMidi">
      <UniqueIdentifier>{aa0eb2da-7f77-49b2-82d2-4ca109a09e97}</UniqueIdentifier>
    </Filter>
  </ItemGroup>
  <ItemGroup>
    <ClInclude Include="headers\JDKsMidi\advancedsequencer.h">
      <Filter>Header Files\JDKsMidi</Filter>
    </ClInclude>
    <ClInclude Include="headers\JDKsMidi\driver.h">
      <Filter>Header Files\JDKsMidi</Filter>
    </ClInclude>
    <ClInclude Include="headers\JDKsMidi\driverdump.h">
      <Filter>Header Files\JDKsMidi</Filter>
    </ClInclude>
    <ClInclude Include="headers\JDKsMidi\driverwin32.h">
      <Filter>Header Files\JDKsMidi</Filter>
    </ClInclude>
    <ClInclude Include="headers\JDKsMidi\edittrack.h">
      <Filter>Header Files\JDKsMidi</Filter>
    </ClInclude>
    <ClInclude Include="headers\JDKsMidi\file.h">
      <Filter>Header Files\JDKsMidi</Filter>
    </ClInclude>
    <ClInclude Include="headers\JDKsMidi\fileread.h">
      <Filter>Header Files\JDKsMidi</Filter>
    </ClInclude>
    <ClInclude Include="headers\JDKsMidi\filereadmultitrack.h">
      <Filter>Header Files\JDKsMidi</Filter>
    </ClInclude>
    <ClInclude Include="headers\JDKsMidi\fileshow.h">
      <Filter>Header Files\JDKsMidi</Filter>
    </ClInclude>
    <ClInclude Include="headers\JDKsMidi\filewrite.h">
      <Filter>Header Files\JDKsMidi</Filter>
    </ClInclude>
    <ClInclude Include="headers\JDKsMidi\filewritemultitrack.h">
      <Filter>Header Files\JDKsMidi</Filter>
    </ClInclude>
    <ClInclude Include="headers\JDKsMidi\keysig.h">
      <Filter>Header Files\JDKsMidi</Filter>
    </ClInclude>
    <ClInclude Include="headers\JDKsMidi\manager.h">
      <Filter>Header Files\JDKsMidi</Filter>
    </ClInclude>
    <ClInclude Include="headers\JDKsMidi\matrix.h">
      <Filter>Header Files\JDKsMidi</Filter>
    </ClInclude>
    <ClInclude Include="headers\JDKsMidi\midi.h">
      <Filter>Header Files\JDKsMidi</Filter>
    </ClInclude>
    <ClInclude Include="headers\JDKsMidi\msg.h">
      <Filter>Header Files\JDKsMidi</Filter>
    </ClInclude>
    <ClInclude Include="headers\JDKsMidi\multitrack.h">
      <Filter>Header Files\JDKsMidi</Filter>
    </ClInclude>
    <ClInclude Include="headers\JDKsMidi\parser.h">
      <Filter>Header Files\JDKsMidi</Filter>
    </ClInclude>
    <ClInclude Include="headers\JDKsMidi\process.h">
      <Filter>Header Files\JDKsMidi</Filter>
    </ClInclude>
    <ClInclude Include="headers\JDKsMidi\queue.h">
      <Filter>Header Files\JDKsMidi</Filter>
    </ClInclude>
    <ClInclude Include="headers\JDKsMidi\sequencer.h">
      <Filter>Header Files\JDKsMidi</Filter>
    </ClInclude>
    <ClInclude Include="headers\JDKsMidi\showcontrol.h">
      <Filter>Header Files\JDKsMidi</Filter>
    </ClInclude>
    <ClInclude Include="headers\JDKsMidi\showcontrolhandler.h">
      <Filter>Header Files\JDKsMidi</Filter>
    </ClInclude>
    <ClInclude Include="headers\JDKsMidi\smpte.h">
      <Filter>Header Files\JDKsMidi</Filter>
    </ClInclude>
    <ClInclude Include="headers\JDKsMidi\song.h">
      <Filter>Header Files\JDKsMidi</Filter>
    </ClInclude>
    <ClInclude Include="headers\JDKsMidi\sysex.h">
      <Filter>Header Files\JDKsMidi</Filter>
    </ClInclude>
    <ClInclude Include="headers\JDKsMidi\tempo.h">
      <Filter>Header Files\JDKsMidi</Filter>
    </ClInclude>
    <ClInclude Include="headers\JDKsMidi\tick.h">
      <Filter>Header Files\JDKsMidi</Filter>
    </ClInclude>
    <ClInclude Include="headers\JDKsMidi\track.h">
      <Filter>Header Files\JDKsMidi</Filter>
    </ClInclude>
    <ClInclude Include="headers\JDKsMidi\utils.h">
      <Filter>Header Files\JDKsMidi</Filter>
    </ClInclude>
    <ClInclude Include="headers\JDKsMidi\world.h">
      <Filter>Header Files\JDKsMidi</Filter>
    </ClInclude>
    <ClInclude Include="headers\MidiDataHandler.h">
      <Filter>Header Files</Filter>
    </ClInclude>
    <ClInclude Include="headers\MidiChannelInfo.h">
      <Filter>Header Files</Filter>
    </ClInclude>
  </ItemGroup>
  <ItemGroup>
    <ClCompile Include="source\main.cpp">
      <Filter>Source Files</Filter>
    </ClCompile>
    <ClCompile Include="source\MidiDataHandler.cpp">
      <Filter>Source Files</Filter>
    </ClCompile>
    <ClCompile Include="source\MidiChannelInfo.cpp">
      <Filter>Source Files</Filter>
    </ClCompile>
  </ItemGroup>
</Project>